<?xml version="1.0" encoding="utf-8"?>
<Project ToolsVersion="4.0" xmlns="http://schemas.microsoft.com/developer/msbuild/2003">
  <ItemGroup>
    <Filter Include="ソース ファイル">
      <UniqueIdentifier>{4FC737F1-C7A5-4376-A066-2A32D752A2FF}</UniqueIdentifier>
      <Extensions>cpp;c;cc;cxx;c++;cppm;ixx;def;odl;idl;hpj;bat;asm;asmx</Extensions>
    </Filter>
    <Filter Include="ヘッダー ファイル">
      <UniqueIdentifier>{93995380-89BD-4b04-88EB-625FBE52EBFB}</UniqueIdentifier>
      <Extensions>h;hh;hpp;hxx;h++;hm;inl;inc;ipp;xsd</Extensions>
    </Filter>
    <Filter Include="リソース ファイル">
      <UniqueIdentifier>{67DA6AB6-F800-4c08-8B7A-83BB121AAD01}</UniqueIdentifier>
      <Extensions>rc;ico;cur;bmp;dlg;rc2;rct;bin;rgs;gif;jpg;jpeg;jpe;resx;tiff;tif;png;wav;mfcribbon-ms</Extensions>
    </Filter>
    <Filter Include="ソース ファイル\Scene">
      <UniqueIdentifier>{629b28e6-878b-44b0-abc8-9723ebe4e3f8}</UniqueIdentifier>
    </Filter>
    <Filter Include="ヘッダー ファイル\Scene">
      <UniqueIdentifier>{ecb049a4-62f9-48af-bde3-1c70b51c2a5e}</UniqueIdentifier>
    </Filter>
    <Filter Include="ソース ファイル\KeyGame">
      <UniqueIdentifier>{a4484f36-5fb4-4cd3-ad70-9657f540cd71}</UniqueIdentifier>
    </Filter>
    <Filter Include="ソース ファイル\PadGame">
      <UniqueIdentifier>{3b4fa96b-b216-4bd7-9e26-7e5fefa70c7e}</UniqueIdentifier>
    </Filter>
    <Filter Include="ヘッダー ファイル\KeyGame">
      <UniqueIdentifier>{da252673-34ee-46af-a716-cdf9273ba033}</UniqueIdentifier>
    </Filter>
    <Filter Include="ヘッダー ファイル\PadGame">
      <UniqueIdentifier>{1f707976-c550-4e0e-b5ef-a400b0eacb2d}</UniqueIdentifier>
    </Filter>
    <Filter Include="ヘッダー ファイル\MixGame">
      <UniqueIdentifier>{991242b9-5a86-47aa-9dcf-470dc44d7570}</UniqueIdentifier>
    </Filter>
    <Filter Include="ソース ファイル\MixGame">
      <UniqueIdentifier>{d27c4798-a590-466e-ad1a-96c98d727170}</UniqueIdentifier>
    </Filter>
    <Filter Include="ソース ファイル\TimeBar">
      <UniqueIdentifier>{28ded600-4cf0-446a-bfea-865b2f9dccac}</UniqueIdentifier>
    </Filter>
    <Filter Include="ヘッダー ファイル\TimeBar">
      <UniqueIdentifier>{43a9d2aa-8c9e-4b2b-9777-4c8a62e50f78}</UniqueIdentifier>
    </Filter>
  </ItemGroup>
  <ItemGroup>
    <ClCompile Include="main.cpp">
      <Filter>ソース ファイル</Filter>
    </ClCompile>
    <ClCompile Include="Vec2.cpp">
      <Filter>ソース ファイル</Filter>
    </ClCompile>
    <ClCompile Include="Pad.cpp">
      <Filter>ソース ファイル</Filter>
    </ClCompile>
    <ClCompile Include="InputState.cpp">
      <Filter>ソース ファイル\Scene</Filter>
    </ClCompile>
    <ClCompile Include="PauseScene.cpp">
      <Filter>ソース ファイル\Scene</Filter>
    </ClCompile>
    <ClCompile Include="Scene.cpp">
      <Filter>ソース ファイル\Scene</Filter>
    </ClCompile>
    <ClCompile Include="SceneManager.cpp">
      <Filter>ソース ファイル\Scene</Filter>
    </ClCompile>
    <ClCompile Include="TitleScene.cpp">
      <Filter>ソース ファイル\Scene</Filter>
    </ClCompile>
    <ClCompile Include="KeyField.cpp">
      <Filter>ソース ファイル\KeyGame</Filter>
    </ClCompile>
    <ClCompile Include="PadField.cpp">
      <Filter>ソース ファイル\PadGame</Filter>
    </ClCompile>
    <ClCompile Include="KeyGameClearScene.cpp">
      <Filter>ソース ファイル\KeyGame</Filter>
    </ClCompile>
    <ClCompile Include="KeyGameoverScene.cpp">
      <Filter>ソース ファイル\KeyGame</Filter>
    </ClCompile>
    <ClCompile Include="PadGameClearScene.cpp">
      <Filter>ソース ファイル\PadGame</Filter>
    </ClCompile>
    <ClCompile Include="PadGameoverScene.cpp">
      <Filter>ソース ファイル\PadGame</Filter>
    </ClCompile>
    <ClCompile Include="MixField.cpp">
      <Filter>ソース ファイル\MixGame</Filter>
    </ClCompile>
    <ClCompile Include="MixGameClearScene.cpp">
      <Filter>ソース ファイル\MixGame</Filter>
    </ClCompile>
    <ClCompile Include="MixGameoverScene.cpp">
      <Filter>ソース ファイル\MixGame</Filter>
    </ClCompile>
    <ClCompile Include="MixTimeBar.cpp">
      <Filter>ソース ファイル\TimeBar</Filter>
    </ClCompile>
    <ClCompile Include="TimeBar.cpp">
      <Filter>ソース ファイル\TimeBar</Filter>
    </ClCompile>
    <ClCompile Include="KeyExplanationScene.cpp">
      <Filter>ソース ファイル\KeyGame</Filter>
    </ClCompile>
    <ClCompile Include="PadExplanationScene.cpp">
      <Filter>ソース ファイル\PadGame</Filter>
    </ClCompile>
    <ClCompile Include="MixExplanationScene.cpp">
      <Filter>ソース ファイル\MixGame</Filter>
    </ClCompile>
    <ClCompile Include="GameExplanation.cpp">
      <Filter>ソース ファイル\Scene</Filter>
    </ClCompile>
  </ItemGroup>
  <ItemGroup>
    <ClInclude Include="game.h">
      <Filter>ヘッダー ファイル</Filter>
    </ClInclude>
    <ClInclude Include="Vec2.h">
      <Filter>ヘッダー ファイル</Filter>
    </ClInclude>
    <ClInclude Include="Pad.h">
      <Filter>ヘッダー ファイル</Filter>
    </ClInclude>
    <ClInclude Include="InputState.h">
      <Filter>ヘッダー ファイル\Scene</Filter>
    </ClInclude>
    <ClInclude Include="PauseScene.h">
      <Filter>ヘッダー ファイル\Scene</Filter>
    </ClInclude>
    <ClInclude Include="Scene.h">
      <Filter>ヘッダー ファイル\Scene</Filter>
    </ClInclude>
    <ClInclude Include="SceneManager.h">
      <Filter>ヘッダー ファイル\Scene</Filter>
    </ClInclude>
    <ClInclude Include="TitleScene.h">
      <Filter>ヘッダー ファイル\Scene</Filter>
    </ClInclude>
    <ClInclude Include="resource.h">
      <Filter>ヘッダー ファイル</Filter>
    </ClInclude>
    <ClInclude Include="KeyField.h">
      <Filter>ヘッダー ファイル\KeyGame</Filter>
    </ClInclude>
    <ClInclude Include="PadField.h">
      <Filter>ヘッダー ファイル\PadGame</Filter>
    </ClInclude>
    <ClInclude Include="KeyGameClearScene.h">
      <Filter>ヘッダー ファイル\KeyGame</Filter>
    </ClInclude>
    <ClInclude Include="KeyGameoverScene.h">
      <Filter>ヘッダー ファイル\KeyGame</Filter>
    </ClInclude>
    <ClInclude Include="PadGameClearScene.h">
      <Filter>ヘッダー ファイル\PadGame</Filter>
    </ClInclude>
    <ClInclude Include="PadGameoverScene.h">
      <Filter>ヘッダー ファイル\PadGame</Filter>
    </ClInclude>
    <ClInclude Include="MixField.h">
      <Filter>ヘッダー ファイル\MixGame</Filter>
    </ClInclude>
    <ClInclude Include="MixGameClearScene.h">
      <Filter>ヘッダー ファイル\MixGame</Filter>
    </ClInclude>
    <ClInclude Include="MixGameoverScene.h">
      <Filter>ヘッダー ファイル\MixGame</Filter>
    </ClInclude>
    <ClInclude Include="MixTimeBar.h">
      <Filter>ヘッダー ファイル\TimeBar</Filter>
    </ClInclude>
    <ClInclude Include="TimeBar.h">
      <Filter>ヘッダー ファイル\TimeBar</Filter>
    </ClInclude>
    <ClInclude Include="KeyExplanationScene.h">
      <Filter>ヘッダー ファイル\KeyGame</Filter>
    </ClInclude>
    <ClInclude Include="PadExplanationScene.h">
      <Filter>ヘッダー ファイル\PadGame</Filter>
    </ClInclude>
    <ClInclude Include="MixExplanationScene.h">
      <Filter>ヘッダー ファイル\MixGame</Filter>
    </ClInclude>
    <ClInclude Include="GameExplanation.h">
      <Filter>ヘッダー ファイル\Scene</Filter>
    </ClInclude>
  </ItemGroup>
  <ItemGroup>
    <ResourceCompile Include="not.rc">
      <Filter>リソース ファイル</Filter>
    </ResourceCompile>
  </ItemGroup>
</Project>